// !$*UTF8*$!
{
	archiveVersion = 1;
	classes = {
	};
	objectVersion = 77;
	objects = {

/* Begin PBXContainerItemProxy section */
		000D81572D00001700CF68CF /* PBXContainerItemProxy */ = {
			isa = PBXContainerItemProxy;
			containerPortal = 000D81382D00001500CF68CF /* Project object */;
			proxyType = 1;
			remoteGlobalIDString = 000D813F2D00001500CF68CF;
			remoteInfo = APIDateFormattingProgramatically;
		};
		000D81612D00001700CF68CF /* PBXContainerItemProxy */ = {
			isa = PBXContainerItemProxy;
			containerPortal = 000D81382D00001500CF68CF /* Project object */;
			proxyType = 1;
			remoteGlobalIDString = 000D813F2D00001500CF68CF;
			remoteInfo = APIDateFormattingProgramatically;
		};
/* End PBXContainerItemProxy section */

/* Begin PBXFileReference section */
		000D81402D00001500CF68CF /* APIDateFormattingProgramatically.app */ = {isa = PBXFileReference; explicitFileType = wrapper.application; includeInIndex = 0; path = APIDateFormattingProgramatically.app; sourceTree = BUILT_PRODUCTS_DIR; };
		000D81562D00001700CF68CF /* APIDateFormattingProgramaticallyTests.xctest */ = {isa = PBXFileReference; explicitFileType = wrapper.cfbundle; includeInIndex = 0; path = APIDateFormattingProgramaticallyTests.xctest; sourceTree = BUILT_PRODUCTS_DIR; };
		000D81602D00001700CF68CF /* APIDateFormattingProgramaticallyUITests.xctest */ = {isa = PBXFileReference; explicitFileType = wrapper.cfbundle; includeInIndex = 0; path = APIDateFormattingProgramaticallyUITests.xctest; sourceTree = BUILT_PRODUCTS_DIR; };
/* End PBXFileReference section */

/* Begin PBXFileSystemSynchronizedBuildFileExceptionSet section */
		000D81682D00001700CF68CF /* Exceptions for "APIDateFormattingProgramatically" folder in "APIDateFormattingProgramatically" target */ = {
			isa = PBXFileSystemSynchronizedBuildFileExceptionSet;
			membershipExceptions = (
				Info.plist,
			);
			target = 000D813F2D00001500CF68CF /* APIDateFormattingProgramatically */;
		};
/* End PBXFileSystemSynchronizedBuildFileExceptionSet section */

/* Begin PBXFileSystemSynchronizedRootGroup section */
		000D81422D00001500CF68CF /* APIDateFormattingProgramatically */ = {
			isa = PBXFileSystemSynchronizedRootGroup;
			exceptions = (
				000D81682D00001700CF68CF /* Exceptions for "APIDateFormattingProgramatically" folder in "APIDateFormattingProgramatically" target */,
			);
			path = APIDateFormattingProgramatically;
			sourceTree = "<group>";
		};
		000D81592D00001700CF68CF /* APIDateFormattingProgramaticallyTests */ = {
			isa = PBXFileSystemSynchronizedRootGroup;
			path = APIDateFormattingProgramaticallyTests;
			sourceTree = "<group>";
		};
		000D81632D00001700CF68CF /* APIDateFormattingProgramaticallyUITests */ = {
			isa = PBXFileSystemSynchronizedRootGroup;
			path = APIDateFormattingProgramaticallyUITests;
			sourceTree = "<group>";
		};
/* End PBXFileSystemSynchronizedRootGroup section */

/* Begin PBXFrameworksBuildPhase section */
		000D813D2D00001500CF68CF /* Frameworks */ = {
			isa = PBXFrameworksBuildPhase;
			buildActionMask = 2147483647;
			files = (
			);
			runOnlyForDeploymentPostprocessing = 0;
		};
		000D81532D00001700CF68CF /* Frameworks */ = {
			isa = PBXFrameworksBuildPhase;
			buildActionMask = 2147483647;
			files = (
			);
			runOnlyForDeploymentPostprocessing = 0;
		};
		000D815D2D00001700CF68CF /* Frameworks */ = {
			isa = PBXFrameworksBuildPhase;
			buildActionMask = 2147483647;
			files = (
			);
			runOnlyForDeploymentPostprocessing = 0;
		};
/* End PBXFrameworksBuildPhase section */

/* Begin PBXGroup section */
		000D81372D00001500CF68CF = {
			isa = PBXGroup;
			children = (
				000D81422D00001500CF68CF /* APIDateFormattingProgramatically */,
				000D81592D00001700CF68CF /* APIDateFormattingProgramaticallyTests */,
				000D81632D00001700CF68CF /* APIDateFormattingProgramaticallyUITests */,
				000D81412D00001500CF68CF /* Products */,
			);
			sourceTree = "<group>";
		};
		000D81412D00001500CF68CF /* Products */ = {
			isa = PBXGroup;
			children = (
				000D81402D00001500CF68CF /* APIDateFormattingProgramatically.app */,
				000D81562D00001700CF68CF /* APIDateFormattingProgramaticallyTests.xctest */,
				000D81602D00001700CF68CF /* APIDateFormattingProgramaticallyUITests.xctest */,
			);
			name = Products;
			sourceTree = "<group>";
		};
/* End PBXGroup section */

/* Begin PBXNativeTarget section */
		000D813F2D00001500CF68CF /* APIDateFormattingProgramatically */ = {
			isa = PBXNativeTarget;
			buildConfigurationList = 000D81692D00001700CF68CF /* Build configuration list for PBXNativeTarget "APIDateFormattingProgramatically" */;
			buildPhases = (
				000D813C2D00001500CF68CF /* Sources */,
				000D813D2D00001500CF68CF /* Frameworks */,
				000D813E2D00001500CF68CF /* Resources */,
			);
			buildRules = (
			);
			dependencies = (
			);
			fileSystemSynchronizedGroups = (
				000D81422D00001500CF68CF /* APIDateFormattingProgramatically */,
			);
			name = APIDateFormattingProgramatically;
			packageProductDependencies = (
			);
			productName = APIDateFormattingProgramatically;
			productReference = 000D81402D00001500CF68CF /* APIDateFormattingProgramatically.app */;
			productType = "com.apple.product-type.application";
		};
		000D81552D00001700CF68CF /* APIDateFormattingProgramaticallyTests */ = {
			isa = PBXNativeTarget;
			buildConfigurationList = 000D816E2D00001700CF68CF /* Build configuration list for PBXNativeTarget "APIDateFormattingProgramaticallyTests" */;
			buildPhases = (
				000D81522D00001700CF68CF /* Sources */,
				000D81532D00001700CF68CF /* Frameworks */,
				000D81542D00001700CF68CF /* Resources */,
			);
			buildRules = (
			);
			dependencies = (
				000D81582D00001700CF68CF /* PBXTargetDependency */,
			);
			fileSystemSynchronizedGroups = (
				000D81592D00001700CF68CF /* APIDateFormattingProgramaticallyTests */,
			);
			name = APIDateFormattingProgramaticallyTests;
			packageProductDependencies = (
			);
			productName = APIDateFormattingProgramaticallyTests;
			productReference = 000D81562D00001700CF68CF /* APIDateFormattingProgramaticallyTests.xctest */;
			productType = "com.apple.product-type.bundle.unit-test";
		};
		000D815F2D00001700CF68CF /* APIDateFormattingProgramaticallyUITests */ = {
			isa = PBXNativeTarget;
			buildConfigurationList = 000D81712D00001700CF68CF /* Build configuration list for PBXNativeTarget "APIDateFormattingProgramaticallyUITests" */;
			buildPhases = (
				000D815C2D00001700CF68CF /* Sources */,
				000D815D2D00001700CF68CF /* Frameworks */,
				000D815E2D00001700CF68CF /* Resources */,
			);
			buildRules = (
			);
			dependencies = (
				000D81622D00001700CF68CF /* PBXTargetDependency */,
			);
			fileSystemSynchronizedGroups = (
				000D81632D00001700CF68CF /* APIDateFormattingProgramaticallyUITests */,
			);
			name = APIDateFormattingProgramaticallyUITests;
			packageProductDependencies = (
			);
			productName = APIDateFormattingProgramaticallyUITests;
			productReference = 000D81602D00001700CF68CF /* APIDateFormattingProgramaticallyUITests.xctest */;
			productType = "com.apple.product-type.bundle.ui-testing";
		};
/* End PBXNativeTarget section */

/* Begin PBXProject section */
		000D81382D00001500CF68CF /* Project object */ = {
			isa = PBXProject;
			attributes = {
				BuildIndependentTargetsInParallel = 1;
				LastSwiftUpdateCheck = 1600;
				LastUpgradeCheck = 1600;
				TargetAttributes = {
					000D813F2D00001500CF68CF = {
						CreatedOnToolsVersion = 16.0;
					};
					000D81552D00001700CF68CF = {
						CreatedOnToolsVersion = 16.0;
						TestTargetID = 000D813F2D00001500CF68CF;
					};
					000D815F2D00001700CF68CF = {
						CreatedOnToolsVersion = 16.0;
						TestTargetID = 000D813F2D00001500CF68CF;
					};
				};
			};
			buildConfigurationList = 000D813B2D00001500CF68CF /* Build configuration list for PBXProject "APIDateFormattingProgramatically" */;
			developmentRegion = en;
			hasScannedForEncodings = 0;
			knownRegions = (
				en,
				Base,
			);
			mainGroup = 000D81372D00001500CF68CF;
			minimizedProjectReferenceProxies = 1;
			preferredProjectObjectVersion = 77;
			productRefGroup = 000D81412D00001500CF68CF /* Products */;
			projectDirPath = "";
			projectRoot = "";
			targets = (
				000D813F2D00001500CF68CF /* APIDateFormattingProgramatically */,
				000D81552D00001700CF68CF /* APIDateFormattingProgramaticallyTests */,
				000D815F2D00001700CF68CF /* APIDateFormattingProgramaticallyUITests */,
			);
		};
/* End PBXProject section */

/* Begin PBXResourcesBuildPhase section */
		000D813E2D00001500CF68CF /* Resources */ = {
			isa = PBXResourcesBuildPhase;
			buildActionMask = 2147483647;
			files = (
			);
			runOnlyForDeploymentPostprocessing = 0;
		};
		000D81542D00001700CF68CF /* Resources */ = {
			isa = PBXResourcesBuildPhase;
			buildActionMask = 2147483647;
			files = (
			);
			runOnlyForDeploymentPostprocessing = 0;
		};
		000D815E2D00001700CF68CF /* Resources */ = {
			isa = PBXResourcesBuildPhase;
			buildActionMask = 2147483647;
			files = (
			);
			runOnlyForDeploymentPostprocessing = 0;
		};
/* End PBXResourcesBuildPhase section */

/* Begin PBXSourcesBuildPhase section */
		000D813C2D00001500CF68CF /* Sources */ = {
			isa = PBXSourcesBuildPhase;
			buildActionMask = 2147483647;
			files = (
			);
			runOnlyForDeploymentPostprocessing = 0;
		};
		000D81522D00001700CF68CF /* Sources */ = {
			isa = PBXSourcesBuildPhase;
			buildActionMask = 2147483647;
			files = (
			);
			runOnlyForDeploymentPostprocessing = 0;
		};
		000D815C2D00001700CF68CF /* Sources */ = {
			isa = PBXSourcesBuildPhase;
			buildActionMask = 2147483647;
			files = (
			);
			runOnlyForDeploymentPostprocessing = 0;
		};
/* End PBXSourcesBuildPhase section */

/* Begin PBXTargetDependency section */
		000D81582D00001700CF68CF /* PBXTargetDependency */ = {
			isa = PBXTargetDependency;
			target = 000D813F2D00001500CF68CF /* APIDateFormattingProgramatically */;
			targetProxy = 000D81572D00001700CF68CF /* PBXContainerItemProxy */;
		};
		000D81622D00001700CF68CF /* PBXTargetDependency */ = {
			isa = PBXTargetDependency;
			target = 000D813F2D00001500CF68CF /* APIDateFormattingProgramatically */;
			targetProxy = 000D81612D00001700CF68CF /* PBXContainerItemProxy */;
		};
/* End PBXTargetDependency section */

/* Begin XCBuildConfiguration section */
		000D816A2D00001700CF68CF /* Debug */ = {
			isa = XCBuildConfiguration;
			buildSettings = {
				ASSETCATALOG_COMPILER_APPICON_NAME = AppIcon;
				ASSETCATALOG_COMPILER_GLOBAL_ACCENT_COLOR_NAME = AccentColor;
				CODE_SIGN_STYLE = Automatic;
				CURRENT_PROJECT_VERSION = 1;
				DEVELOPMENT_TEAM = AZ7377FV92;
				GENERATE_INFOPLIST_FILE = YES;
				INFOPLIST_FILE = APIDateFormattingProgramatically/Info.plist;
				INFOPLIST_KEY_UIApplicationSupportsIndirectInputEvents = YES;
				INFOPLIST_KEY_UILaunchStoryboardName = LaunchScreen;
				INFOPLIST_KEY_UIMainStoryboardFile = Main;
				INFOPLIST_KEY_UISupportedInterfaceOrientations_iPad = "UIInterfaceOrientationPortrait UIInterfaceOrientationPortraitUpsideDown UIInterfaceOrientationLandscapeLeft UIInterfaceOrientationLandscapeRight";
				INFOPLIST_KEY_UISupportedInterfaceOrientations_iPhone = "UIInterfaceOrientationPortrait UIInterfaceOrientationLandscapeLeft UIInterfaceOrientationLandscapeRight";
				LD_RUNPATH_SEARCH_PATHS = (
					"$(inherited)",
					"@executable_path/Frameworks",
				);
				MARKETING_VERSION = 1.0;
				PRODUCT_BUNDLE_IDENTIFIER = com.dharmamithra.APIDateFormattingProgramatically;
				PRODUCT_NAME = "$(TARGET_NAME)";
				SWIFT_EMIT_LOC_STRINGS = YES;
				SWIFT_VERSION = 5.0;
				TARGETED_DEVICE_FAMILY = "1,2";
			};
			name = Debug;
		};
		000D816B2D00001700CF68CF /* Release */ = {
			isa = XCBuildConfiguration;
			buildSettings = {
				ASSETCATALOG_COMPILER_APPICON_NAME = AppIcon;
				ASSETCATALOG_COMPILER_GLOBAL_ACCENT_COLOR_NAME = AccentColor;
				CODE_SIGN_STYLE = Automatic;
				CURRENT_PROJECT_VERSION = 1;
				DEVELOPMENT_TEAM = AZ7377FV92;
				GENERATE_INFOPLIST_FILE = YES;
				INFOPLIST_FILE = APIDateFormattingProgramatically/Info.plist;
				INFOPLIST_KEY_UIApplicationSupportsIndirectInputEvents = YES;
				INFOPLIST_KEY_UILaunchStoryboardName = LaunchScreen;
				INFOPLIST_KEY_UIMainStoryboardFile = Main;
				INFOPLIST_KEY_UISupportedInterfaceOrientations_iPad = "UIInterfaceOrientationPortrait UIInterfaceOrientationPortraitUpsideDown UIInterfaceOrientationLandscapeLeft UIInterfaceOrientationLandscapeRight";
				INFOPLIST_KEY_UISupportedInterfaceOrientations_iPhone = "UIInterfaceOrientationPortrait UIInterfaceOrientationLandscapeLeft UIInterfaceOrientationLandscapeRight";
				LD_RUNPATH_SEARCH_PATHS = (
					"$(inherited)",
					"@executable_path/Frameworks",
				);
				MARKETING_VERSION = 1.0;
				PRODUCT_BUNDLE_IDENTIFIER = com.dharmamithra.APIDateFormattingProgramatically;
				PRODUCT_NAME = "$(TARGET_NAME)";
				SWIFT_EMIT_LOC_STRINGS = YES;
				SWIFT_VERSION = 5.0;
				TARGETED_DEVICE_FAMILY = "1,2";
			};
			name = Release;
		};
		000D816C2D00001700CF68CF /* Debug */ = {
			isa = XCBuildConfiguration;
			buildSettings = {
				ALWAYS_SEARCH_USER_PATHS = NO;
				ASSETCATALOG_COMPILER_GENERATE_SWIFT_ASSET_SYMBOL_EXTENSIONS = YES;
				CLANG_ANALYZER_NONNULL = YES;
				CLANG_ANALYZER_NUMBER_OBJECT_CONVERSION = YES_AGGRESSIVE;
				CLANG_CXX_LANGUAGE_STANDARD = "gnu++20";
				CLANG_ENABLE_MODULES = YES;
				CLANG_ENABLE_OBJC_ARC = YES;
				CLANG_ENABLE_OBJC_WEAK = YES;
				CLANG_WARN_BLOCK_CAPTURE_AUTORELEASING = YES;
				CLANG_WARN_BOOL_CONVERSION = YES;
				CLANG_WARN_COMMA = YES;
				CLANG_WARN_CONSTANT_CONVERSION = YES;
				CLANG_WARN_DEPRECATED_OBJC_IMPLEMENTATIONS = YES;
				CLANG_WARN_DIRECT_OBJC_ISA_USAGE = YES_ERROR;
				CLANG_WARN_DOCUMENTATION_COMMENTS = YES;
				CLANG_WARN_EMPTY_BODY = YES;
				CLANG_WARN_ENUM_CONVERSION = YES;
				CLANG_WARN_INFINITE_RECURSION = YES;
				CLANG_WARN_INT_CONVERSION = YES;
				CLANG_WARN_NON_LITERAL_NULL_CONVERSION = YES;
				CLANG_WARN_OBJC_IMPLICIT_RETAIN_SELF = YES;
				CLANG_WARN_OBJC_LITERAL_CONVERSION = YES;
				CLANG_WARN_OBJC_ROOT_CLASS = YES_ERROR;
				CLANG_WARN_QUOTED_INCLUDE_IN_FRAMEWORK_HEADER = YES;
				CLANG_WARN_RANGE_LOOP_ANALYSIS = YES;
				CLANG_WARN_STRICT_PROTOTYPES = YES;
				CLANG_WARN_SUSPICIOUS_MOVE = YES;
				CLANG_WARN_UNGUARDED_AVAILABILITY = YES_AGGRESSIVE;
				CLANG_WARN_UNREACHABLE_CODE = YES;
				CLANG_WARN__DUPLICATE_METHOD_MATCH = YES;
				COPY_PHASE_STRIP = NO;
				DEBUG_INFORMATION_FORMAT = dwarf;
				ENABLE_STRICT_OBJC_MSGSEND = YES;
				ENABLE_TESTABILITY = YES;
				ENABLE_USER_SCRIPT_SANDBOXING = YES;
				GCC_C_LANGUAGE_STANDARD = gnu17;
				GCC_DYNAMIC_NO_PIC = NO;
				GCC_NO_COMMON_BLOCKS = YES;
				GCC_OPTIMIZATION_LEVEL = 0;
				GCC_PREPROCESSOR_DEFINITIONS = (
					"DEBUG=1",
					"$(inherited)",
				);
				GCC_WARN_64_TO_32_BIT_CONVERSION = YES;
				GCC_WARN_ABOUT_RETURN_TYPE = YES_ERROR;
				GCC_WARN_UNDECLARED_SELECTOR = YES;
				GCC_WARN_UNINITIALIZED_AUTOS = YES_AGGRESSIVE;
				GCC_WARN_UNUSED_FUNCTION = YES;
				GCC_WARN_UNUSED_VARIABLE = YES;
				IPHONEOS_DEPLOYMENT_TARGET = 18.0;
				LOCALIZATION_PREFERS_STRING_CATALOGS = YES;
				MTL_ENABLE_DEBUG_INFO = INCLUDE_SOURCE;
				MTL_FAST_MATH = YES;
				ONLY_ACTIVE_ARCH = YES;
				SDKROOT = iphoneos;
				SWIFT_ACTIVE_COMPILATION_CONDITIONS = "DEBUG $(inherited)";
				SWIFT_OPTIMIZATION_LEVEL = "-Onone";
			};
			name = Debug;
		};
		000D816D2D00001700CF68CF /* Release */ = {
			isa = XCBuildConfiguration;
			buildSettings = {
				ALWAYS_SEARCH_USER_PATHS = NO;
				ASSETCATALOG_COMPILER_GENERATE_SWIFT_ASSET_SYMBOL_EXTENSIONS = YES;
				CLANG_ANALYZER_NONNULL = YES;
				CLANG_ANALYZER_NUMBER_OBJECT_CONVERSION = YES_AGGRESSIVE;
				CLANG_CXX_LANGUAGE_STANDARD = "gnu++20";
				CLANG_ENABLE_MODULES = YES;
				CLANG_ENABLE_OBJC_ARC = YES;
				CLANG_ENABLE_OBJC_WEAK = YES;
				CLANG_WARN_BLOCK_CAPTURE_AUTORELEASING = YES;
				CLANG_WARN_BOOL_CONVERSION = YES;
				CLANG_WARN_COMMA = YES;
				CLANG_WARN_CONSTANT_CONVERSION = YES;
				CLANG_WARN_DEPRECATED_OBJC_IMPLEMENTATIONS = YES;
				CLANG_WARN_DIRECT_OBJC_ISA_USAGE = YES_ERROR;
				CLANG_WARN_DOCUMENTATION_COMMENTS = YES;
				CLANG_WARN_EMPTY_BODY = YES;
				CLANG_WARN_ENUM_CONVERSION = YES;
				CLANG_WARN_INFINITE_RECURSION = YES;
				CLANG_WARN_INT_CONVERSION = YES;
				CLANG_WARN_NON_LITERAL_NULL_CONVERSION = YES;
				CLANG_WARN_OBJC_IMPLICIT_RETAIN_SELF = YES;
				CLANG_WARN_OBJC_LITERAL_CONVERSION = YES;
				CLANG_WARN_OBJC_ROOT_CLASS = YES_ERROR;
				CLANG_WARN_QUOTED_INCLUDE_IN_FRAMEWORK_HEADER = YES;
				CLANG_WARN_RANGE_LOOP_ANALYSIS = YES;
				CLANG_WARN_STRICT_PROTOTYPES = YES;
				CLANG_WARN_SUSPICIOUS_MOVE = YES;
				CLANG_WARN_UNGUARDED_AVAILABILITY = YES_AGGRESSIVE;
				CLANG_WARN_UNREACHABLE_CODE = YES;
				CLANG_WARN__DUPLICATE_METHOD_MATCH = YES;
				COPY_PHASE_STRIP = NO;
				DEBUG_INFORMATION_FORMAT = "dwarf-with-dsym";
				ENABLE_NS_ASSERTIONS = NO;
				ENABLE_STRICT_OBJC_MSGSEND = YES;
				ENABLE_USER_SCRIPT_SANDBOXING = YES;
				GCC_C_LANGUAGE_STANDARD = gnu17;
				GCC_NO_COMMON_BLOCKS = YES;
				GCC_WARN_64_TO_32_BIT_CONVERSION = YES;
				GCC_WARN_ABOUT_RETURN_TYPE = YES_ERROR;
				GCC_WARN_UNDECLARED_SELECTOR = YES;
				GCC_WARN_UNINITIALIZED_AUTOS = YES_AGGRESSIVE;
				GCC_WARN_UNUSED_FUNCTION = YES;
				GCC_WARN_UNUSED_VARIABLE = YES;
				IPHONEOS_DEPLOYMENT_TARGET = 18.0;
				LOCALIZATION_PREFERS_STRING_CATALOGS = YES;
				MTL_ENABLE_DEBUG_INFO = NO;
				MTL_FAST_MATH = YES;
				SDKROOT = iphoneos;
				SWIFT_COMPILATION_MODE = wholemodule;
				VALIDATE_PRODUCT = YES;
			};
			name = Release;
		};
		000D816F2D00001700CF68CF /* Debug */ = {
			isa = XCBuildConfiguration;
			buildSettings = {
				BUNDLE_LOADER = "$(TEST_HOST)";
				CODE_SIGN_STYLE = Automatic;
				CURRENT_PROJECT_VERSION = 1;
				DEVELOPMENT_TEAM = AZ7377FV92;
				GENERATE_INFOPLIST_FILE = YES;
				IPHONEOS_DEPLOYMENT_TARGET = 18.0;
				MARKETING_VERSION = 1.0;
				PRODUCT_BUNDLE_IDENTIFIER = com.dharmamithra.APIDateFormattingProgramaticallyTests;
				PRODUCT_NAME = "$(TARGET_NAME)";
				SWIFT_EMIT_LOC_STRINGS = NO;
				SWIFT_VERSION = 5.0;
				TARGETED_DEVICE_FAMILY = "1,2";
				TEST_HOST = "$(BUILT_PRODUCTS_DIR)/APIDateFormattingProgramatically.app/$(BUNDLE_EXECUTABLE_FOLDER_PATH)/APIDateFormattingProgramatically";
			};
			name = Debug;
		};
		000D81702D00001700CF68CF /* Release */ = {
			isa = XCBuildConfiguration;
			buildSettings = {
				BUNDLE_LOADER = "$(TEST_HOST)";
				CODE_SIGN_STYLE = Automatic;
				CURRENT_PROJECT_VERSION = 1;
				DEVELOPMENT_TEAM = AZ7377FV92;
				GENERATE_INFOPLIST_FILE = YES;
				IPHONEOS_DEPLOYMENT_TARGET = 18.0;
				MARKETING_VERSION = 1.0;
				PRODUCT_BUNDLE_IDENTIFIER = com.dharmamithra.APIDateFormattingProgramaticallyTests;
				PRODUCT_NAME = "$(TARGET_NAME)";
				SWIFT_EMIT_LOC_STRINGS = NO;
				SWIFT_VERSION = 5.0;
				TARGETED_DEVICE_FAMILY = "1,2";
				TEST_HOST = "$(BUILT_PRODUCTS_DIR)/APIDateFormattingProgramatically.app/$(BUNDLE_EXECUTABLE_FOLDER_PATH)/APIDateFormattingProgramatically";
			};
			name = Release;
		};
		000D81722D00001700CF68CF /* Debug */ = {
			isa = XCBuildConfiguration;
			buildSettings = {
				CODE_SIGN_STYLE = Automatic;
				CURRENT_PROJECT_VERSION = 1;
				DEVELOPMENT_TEAM = AZ7377FV92;
				GENERATE_INFOPLIST_FILE = YES;
				MARKETING_VERSION = 1.0;
				PRODUCT_BUNDLE_IDENTIFIER = com.dharmamithra.APIDateFormattingProgramaticallyUITests;
				PRODUCT_NAME = "$(TARGET_NAME)";
				SWIFT_EMIT_LOC_STRINGS = NO;
				SWIFT_VERSION = 5.0;
				TARGETED_DEVICE_FAMILY = "1,2";
				TEST_TARGET_NAME = APIDateFormattingProgramatically;
			};
			name = Debug;
		};
		000D81732D00001700CF68CF /* Release */ = {
			isa = XCBuildConfiguration;
			buildSettings = {
				CODE_SIGN_STYLE = Automatic;
				CURRENT_PROJECT_VERSION = 1;
				DEVELOPMENT_TEAM = AZ7377FV92;
				GENERATE_INFOPLIST_FILE = YES;
				MARKETING_VERSION = 1.0;
				PRODUCT_BUNDLE_IDENTIFIER = com.dharmamithra.APIDateFormattingProgramaticallyUITests;
				PRODUCT_NAME = "$(TARGET_NAME)";
				SWIFT_EMIT_LOC_STRINGS = NO;
				SWIFT_VERSION = 5.0;
				TARGETED_DEVICE_FAMILY = "1,2";
				TEST_TARGET_NAME = APIDateFormattingProgramatically;
			};
			name = Release;
		};
/* End XCBuildConfiguration section */

/* Begin XCConfigurationList section */
		000D813B2D00001500CF68CF /* Build configuration list for PBXProject "APIDateFormattingProgramatically" */ = {
			isa = XCConfigurationList;
			buildConfigurations = (
				000D816C2D00001700CF68CF /* Debug */,
				000D816D2D00001700CF68CF /* Release */,
			);
			defaultConfigurationIsVisible = 0;
			defaultConfigurationName = Release;
		};
		000D81692D00001700CF68CF /* Build configuration list for PBXNativeTarget "APIDateFormattingProgramatically" */ = {
			isa = XCConfigurationList;
			buildConfigurations = (
				000D816A2D00001700CF68CF /* Debug */,
				000D816B2D00001700CF68CF /* Release */,
			);
			defaultConfigurationIsVisible = 0;
			defaultConfigurationName = Release;
		};
		000D816E2D00001700CF68CF /* Build configuration list for PBXNativeTarget "APIDateFormattingProgramaticallyTests" */ = {
			isa = XCConfigurationList;
			buildConfigurations = (
				000D816F2D00001700CF68CF /* Debug */,
				000D81702D00001700CF68CF /* Release */,
			);
			defaultConfigurationIsVisible = 0;
			defaultConfigurationName = Release;
		};
		000D81712D00001700CF68CF /* Build configuration list for PBXNativeTarget "APIDateFormattingProgramaticallyUITests" */ = {
			isa = XCConfigurationList;
			buildConfigurations = (
				000D81722D00001700CF68CF /* Debug */,
				000D81732D00001700CF68CF /* Release */,
			);
			defaultConfigurationIsVisible = 0;
			defaultConfigurationName = Release;
		};
/* End XCConfigurationList section */
	};
	rootObject = 000D81382D00001500CF68CF /* Project object */;
}
